<?xml version="1.0" encoding="utf-8"?>
<Project ToolsVersion="4.0" xmlns="http://schemas.microsoft.com/developer/msbuild/2003">
  <ItemGroup>
    <ClCompile Include="j1Window.cpp">
      <Filter>Desenvolupament  ========\Modules</Filter>
    </ClCompile>
    <ClCompile Include="j1App.cpp">
      <Filter>Desenvolupament  ========</Filter>
    </ClCompile>
    <ClCompile Include="j1Input.cpp">
      <Filter>Desenvolupament  ========\Modules</Filter>
    </ClCompile>
    <ClCompile Include="j1Main.cpp">
      <Filter>Desenvolupament  ========</Filter>
    </ClCompile>
    <ClCompile Include="j1Render.cpp">
      <Filter>Desenvolupament  ========\Modules</Filter>
    </ClCompile>
    <ClCompile Include="j1Textures.cpp">
      <Filter>Desenvolupament  ========\Modules</Filter>
    </ClCompile>
    <ClCompile Include="p2Log.cpp">
      <Filter>Programacio 2 ===========</Filter>
    </ClCompile>
    <ClCompile Include="j1Scene.cpp">
      <Filter>Desenvolupament  ========\Scenes</Filter>
    </ClCompile>
    <ClCompile Include="PugiXml\src\pugixml.cpp">
      <Filter>Desenvolupament  ========\Tools\PuguiXML</Filter>
    </ClCompile>
    <ClCompile Include="Particle.cpp">
      <Filter>Desenvolupament  ========\2D Particle Engine</Filter>
    </ClCompile>
    <ClCompile Include="j1Timer.cpp">
      <Filter>Desenvolupament  ========\Tools</Filter>
    </ClCompile>
    <ClCompile Include="j1PerfTimer.cpp">
      <Filter>Desenvolupament  ========\Tools</Filter>
    </ClCompile>
    <ClCompile Include="ParticlePool.cpp">
      <Filter>Desenvolupament  ========\2D Particle Engine</Filter>
    </ClCompile>
    <ClCompile Include="Emitter.cpp">
      <Filter>Desenvolupament  ========\2D Particle Engine</Filter>
    </ClCompile>
    <ClCompile Include="j1ParticleSystem.cpp">
      <Filter>Desenvolupament  ========\2D Particle Engine</Filter>
    </ClCompile>
  </ItemGroup>
  <ItemGroup>
    <ClInclude Include="j1Window.h">
      <Filter>Desenvolupament  ========\Modules</Filter>
    </ClInclude>
    <ClInclude Include="j1App.h">
      <Filter>Desenvolupament  ========</Filter>
    </ClInclude>
    <ClInclude Include="j1Input.h">
      <Filter>Desenvolupament  ========\Modules</Filter>
    </ClInclude>
    <ClInclude Include="j1Module.h">
      <Filter>Desenvolupament  ========</Filter>
    </ClInclude>
    <ClInclude Include="j1Render.h">
      <Filter>Desenvolupament  ========\Modules</Filter>
    </ClInclude>
    <ClInclude Include="j1Textures.h">
      <Filter>Desenvolupament  ========\Modules</Filter>
    </ClInclude>
    <ClInclude Include="p2Defs.h">
      <Filter>Programacio 2 ===========</Filter>
    </ClInclude>
    <ClInclude Include="p2Log.h">
      <Filter>Programacio 2 ===========</Filter>
    </ClInclude>
    <ClInclude Include="p2Point.h">
      <Filter>Programacio 2 ===========</Filter>
    </ClInclude>
    <ClInclude Include="j1Scene.h">
      <Filter>Desenvolupament  ========\Scenes</Filter>
    </ClInclude>
    <ClInclude Include="PugiXml\src\pugiconfig.hpp">
      <Filter>Desenvolupament  ========\Tools\PuguiXML</Filter>
    </ClInclude>
    <ClInclude Include="PugiXml\src\pugixml.hpp">
      <Filter>Desenvolupament  ========\Tools\PuguiXML</Filter>
    </ClInclude>
    <ClInclude Include="Particle.h">
      <Filter>Desenvolupament  ========\2D Particle Engine</Filter>
    </ClInclude>
    <ClInclude Include="j1Timer.h">
      <Filter>Desenvolupament  ========\Tools</Filter>
    </ClInclude>
    <ClInclude Include="j1PerfTimer.h">
      <Filter>Desenvolupament  ========\Tools</Filter>
    </ClInclude>
    <ClInclude Include="ParticlePool.h">
      <Filter>Desenvolupament  ========\2D Particle Engine</Filter>
    </ClInclude>
    <ClInclude Include="Emitter.h">
      <Filter>Desenvolupament  ========\2D Particle Engine</Filter>
    </ClInclude>
    <ClInclude Include="j1ParticleSystem.h">
      <Filter>Desenvolupament  ========\2D Particle Engine</Filter>
    </ClInclude>
  </ItemGroup>
  <ItemGroup>
    <Filter Include="Programacio 2 ===========">
      <UniqueIdentifier>{a8bfab6a-5472-4969-943e-861a8b493f08}</UniqueIdentifier>
    </Filter>
    <Filter Include="Desenvolupament  ========">
      <UniqueIdentifier>{cb944693-b9d0-484c-bad2-02d5a7cdbec6}</UniqueIdentifier>
    </Filter>
    <Filter Include="Desenvolupament  ========\Tools">
      <UniqueIdentifier>{42c748be-4a37-49de-970f-5be811d06b38}</UniqueIdentifier>
    </Filter>
    <Filter Include="Desenvolupament  ========\Scenes">
      <UniqueIdentifier>{e07660eb-d36f-4cc9-af59-324d31c2f2f6}</UniqueIdentifier>
    </Filter>
    <Filter Include="Desenvolupament  ========\Modules">
      <UniqueIdentifier>{244722d1-90ce-423d-8e7a-556211865a32}</UniqueIdentifier>
    </Filter>
    <Filter Include="Desenvolupament  ========\Tools\PuguiXML">
      <UniqueIdentifier>{7cb78d67-17cc-45eb-af97-e2106becce7b}</UniqueIdentifier>
    </Filter>
    <Filter Include="Desenvolupament  ========\2D Particle Engine">
      <UniqueIdentifier>{ea93f3cf-2cfa-4d42-862f-727a238cdcb5}</UniqueIdentifier>
    </Filter>
  </ItemGroup>
</Project>